
Microsoft Visual Studio Solution File, Format Version 12.00
# Visual Studio Version 17
VisualStudioVersion = 17.13.35818.85 d17.13
MinimumVisualStudioVersion = 10.0.40219.1
Project("{FAE04EC0-301F-11D3-BF4B-00C04F79EFBC}") = "Riley Benson - Final Project C#", "Riley Benson - Final Project C#\Riley Benson - Final Project C#.csproj", "{52106980-32F0-47BF-8511-6909408917C2}"
EndProject
Global
	GlobalSection(SolutionConfigurationPlatforms) = preSolution
		Debug|Any CPU = Debug|Any CPU
		Release|Any CPU = Release|Any CPU
	EndGlobalSection
	GlobalSection(ProjectConfigurationPlatforms) = postSolution
		{52106980-32F0-47BF-8511-6909408917C2}.Debug|Any CPU.ActiveCfg = Debug|Any CPU
		{52106980-32F0-47BF-8511-6909408917C2}.Debug|Any CPU.Build.0 = Debug|Any CPU
		{52106980-32F0-47BF-8511-6909408917C2}.Release|Any CPU.ActiveCfg = Release|Any CPU
		{52106980-32F0-47BF-8511-6909408917C2}.Release|Any CPU.Build.0 = Release|Any CPU
	EndGlobalSection
	GlobalSection(SolutionProperties) = preSolution
		HideSolutionNode = FALSE
	EndGlobalSection
	GlobalSection(ExtensibilityGlobals) = postSolution
		SolutionGuid = {D51FC817-39AB-42E8-A04A-F30852B3B564}
	EndGlobalSection
EndGlobal
